
Microsoft Visual Studio Solution File, Format Version 12.00
# Visual Studio Version 17
VisualStudioVersion = 17.2.32505.173
MinimumVisualStudioVersion = 10.0.40219.1
Project("{FAE04EC0-301F-11D3-BF4B-00C04F79EFBC}") = "Architecture1", "Architecture1\Architecture1.csproj", "{5545C3B5-E980-42D5-ADB1-5E856D888B43}"
EndProject
Project("{FAE04EC0-301F-11D3-BF4B-00C04F79EFBC}") = "Entities", "Entities\Entities.csproj", "{67BD770B-79BE-4625-B0ED-8ACE4846D030}"
EndProject
Project("{FAE04EC0-301F-11D3-BF4B-00C04F79EFBC}") = "MyDatabase", "MyDatabase\MyDatabase.csproj", "{31963A5E-1B0C-4605-9816-AA1001E9F70B}"
EndProject
Project("{FAE04EC0-301F-11D3-BF4B-00C04F79EFBC}") = "PersistanceLayerNoGeneric", "PersistanceLayerNoGeneric\PersistanceLayerNoGeneric.csproj", "{6426C8E8-51B2-4934-8919-02F4D4F4280E}"
EndProject
Project("{FAE04EC0-301F-11D3-BF4B-00C04F79EFBC}") = "ConsoleApp", "ConsoleApp\ConsoleApp.csproj", "{7958DBE6-F559-4A47-9E1C-AB280C492656}"
EndProject
Project("{FAE04EC0-301F-11D3-BF4B-00C04F79EFBC}") = "PersistanceGeneric", "PersistanceGeneric\PersistanceGeneric.csproj", "{29BBB8EC-AFD0-4E5B-9FEB-15CE5D8CDA05}"
EndProject
Global
	GlobalSection(SolutionConfigurationPlatforms) = preSolution
		Debug|Any CPU = Debug|Any CPU
		Release|Any CPU = Release|Any CPU
	EndGlobalSection
	GlobalSection(ProjectConfigurationPlatforms) = postSolution
		{5545C3B5-E980-42D5-ADB1-5E856D888B43}.Debug|Any CPU.ActiveCfg = Debug|Any CPU
		{5545C3B5-E980-42D5-ADB1-5E856D888B43}.Debug|Any CPU.Build.0 = Debug|Any CPU
		{5545C3B5-E980-42D5-ADB1-5E856D888B43}.Release|Any CPU.ActiveCfg = Release|Any CPU
		{5545C3B5-E980-42D5-ADB1-5E856D888B43}.Release|Any CPU.Build.0 = Release|Any CPU
		{67BD770B-79BE-4625-B0ED-8ACE4846D030}.Debug|Any CPU.ActiveCfg = Debug|Any CPU
		{67BD770B-79BE-4625-B0ED-8ACE4846D030}.Debug|Any CPU.Build.0 = Debug|Any CPU
		{67BD770B-79BE-4625-B0ED-8ACE4846D030}.Release|Any CPU.ActiveCfg = Release|Any CPU
		{67BD770B-79BE-4625-B0ED-8ACE4846D030}.Release|Any CPU.Build.0 = Release|Any CPU
		{31963A5E-1B0C-4605-9816-AA1001E9F70B}.Debug|Any CPU.ActiveCfg = Debug|Any CPU
		{31963A5E-1B0C-4605-9816-AA1001E9F70B}.Debug|Any CPU.Build.0 = Debug|Any CPU
		{31963A5E-1B0C-4605-9816-AA1001E9F70B}.Release|Any CPU.ActiveCfg = Release|Any CPU
		{31963A5E-1B0C-4605-9816-AA1001E9F70B}.Release|Any CPU.Build.0 = Release|Any CPU
		{6426C8E8-51B2-4934-8919-02F4D4F4280E}.Debug|Any CPU.ActiveCfg = Debug|Any CPU
		{6426C8E8-51B2-4934-8919-02F4D4F4280E}.Debug|Any CPU.Build.0 = Debug|Any CPU
		{6426C8E8-51B2-4934-8919-02F4D4F4280E}.Release|Any CPU.ActiveCfg = Release|Any CPU
		{6426C8E8-51B2-4934-8919-02F4D4F4280E}.Release|Any CPU.Build.0 = Release|Any CPU
		{7958DBE6-F559-4A47-9E1C-AB280C492656}.Debug|Any CPU.ActiveCfg = Debug|Any CPU
		{7958DBE6-F559-4A47-9E1C-AB280C492656}.Debug|Any CPU.Build.0 = Debug|Any CPU
		{7958DBE6-F559-4A47-9E1C-AB280C492656}.Release|Any CPU.ActiveCfg = Release|Any CPU
		{7958DBE6-F559-4A47-9E1C-AB280C492656}.Release|Any CPU.Build.0 = Release|Any CPU
		{29BBB8EC-AFD0-4E5B-9FEB-15CE5D8CDA05}.Debug|Any CPU.ActiveCfg = Debug|Any CPU
		{29BBB8EC-AFD0-4E5B-9FEB-15CE5D8CDA05}.Debug|Any CPU.Build.0 = Debug|Any CPU
		{29BBB8EC-AFD0-4E5B-9FEB-15CE5D8CDA05}.Release|Any CPU.ActiveCfg = Release|Any CPU
		{29BBB8EC-AFD0-4E5B-9FEB-15CE5D8CDA05}.Release|Any CPU.Build.0 = Release|Any CPU
	EndGlobalSection
	GlobalSection(SolutionProperties) = preSolution
		HideSolutionNode = FALSE
	EndGlobalSection
	GlobalSection(ExtensibilityGlobals) = postSolution
		SolutionGuid = {3FC1E16B-D1FB-41CD-935E-8456A0EF1BC2}
	EndGlobalSection
EndGlobal
